
Microsoft Visual Studio Solution File, Format Version 12.00
# Visual Studio Version 17
VisualStudioVersion = 17.14.36518.9
MinimumVisualStudioVersion = 10.0.40219.1
Project("{FAE04EC0-301F-11D3-BF4B-00C04F79EFBC}") = "CURD_Practice", "CURD_Practice\CURD_Practice.csproj", "{5026D67A-7A8E-4B60-B2F4-21349D2ADACE}"
EndProject
Project("{FAE04EC0-301F-11D3-BF4B-00C04F79EFBC}") = "CURD_Tests", "CURD_Tests\CURD_Tests.csproj", "{FADB7DC9-87DE-47E6-B4A6-DF0B1CE28FA6}"
EndProject
Project("{FAE04EC0-301F-11D3-BF4B-00C04F79EFBC}") = "Entities", "Entities\Entities.csproj", "{DC5D28A9-621A-43F9-B719-6EE8292A8E00}"
EndProject
Project("{FAE04EC0-301F-11D3-BF4B-00C04F79EFBC}") = "ServiceContracts", "ServiceContracts\ServiceContracts.csproj", "{AED4E973-9E45-4CAD-8BA9-286C689433AF}"
EndProject
Project("{FAE04EC0-301F-11D3-BF4B-00C04F79EFBC}") = "Services", "Services\Services.csproj", "{9E7A2C43-D5E2-43C4-9AE9-58FDD9417635}"
EndProject
Global
	GlobalSection(SolutionConfigurationPlatforms) = preSolution
		Debug|Any CPU = Debug|Any CPU
		Release|Any CPU = Release|Any CPU
	EndGlobalSection
	GlobalSection(ProjectConfigurationPlatforms) = postSolution
		{5026D67A-7A8E-4B60-B2F4-21349D2ADACE}.Debug|Any CPU.ActiveCfg = Debug|Any CPU
		{5026D67A-7A8E-4B60-B2F4-21349D2ADACE}.Debug|Any CPU.Build.0 = Debug|Any CPU
		{5026D67A-7A8E-4B60-B2F4-21349D2ADACE}.Release|Any CPU.ActiveCfg = Release|Any CPU
		{5026D67A-7A8E-4B60-B2F4-21349D2ADACE}.Release|Any CPU.Build.0 = Release|Any CPU
		{FADB7DC9-87DE-47E6-B4A6-DF0B1CE28FA6}.Debug|Any CPU.ActiveCfg = Debug|Any CPU
		{FADB7DC9-87DE-47E6-B4A6-DF0B1CE28FA6}.Debug|Any CPU.Build.0 = Debug|Any CPU
		{FADB7DC9-87DE-47E6-B4A6-DF0B1CE28FA6}.Release|Any CPU.ActiveCfg = Release|Any CPU
		{FADB7DC9-87DE-47E6-B4A6-DF0B1CE28FA6}.Release|Any CPU.Build.0 = Release|Any CPU
		{DC5D28A9-621A-43F9-B719-6EE8292A8E00}.Debug|Any CPU.ActiveCfg = Debug|Any CPU
		{DC5D28A9-621A-43F9-B719-6EE8292A8E00}.Debug|Any CPU.Build.0 = Debug|Any CPU
		{DC5D28A9-621A-43F9-B719-6EE8292A8E00}.Release|Any CPU.ActiveCfg = Release|Any CPU
		{DC5D28A9-621A-43F9-B719-6EE8292A8E00}.Release|Any CPU.Build.0 = Release|Any CPU
		{AED4E973-9E45-4CAD-8BA9-286C689433AF}.Debug|Any CPU.ActiveCfg = Debug|Any CPU
		{AED4E973-9E45-4CAD-8BA9-286C689433AF}.Debug|Any CPU.Build.0 = Debug|Any CPU
		{AED4E973-9E45-4CAD-8BA9-286C689433AF}.Release|Any CPU.ActiveCfg = Release|Any CPU
		{AED4E973-9E45-4CAD-8BA9-286C689433AF}.Release|Any CPU.Build.0 = Release|Any CPU
		{9E7A2C43-D5E2-43C4-9AE9-58FDD9417635}.Debug|Any CPU.ActiveCfg = Debug|Any CPU
		{9E7A2C43-D5E2-43C4-9AE9-58FDD9417635}.Debug|Any CPU.Build.0 = Debug|Any CPU
		{9E7A2C43-D5E2-43C4-9AE9-58FDD9417635}.Release|Any CPU.ActiveCfg = Release|Any CPU
		{9E7A2C43-D5E2-43C4-9AE9-58FDD9417635}.Release|Any CPU.Build.0 = Release|Any CPU
	EndGlobalSection
	GlobalSection(SolutionProperties) = preSolution
		HideSolutionNode = FALSE
	EndGlobalSection
	GlobalSection(ExtensibilityGlobals) = postSolution
		SolutionGuid = {0030CC66-8276-4DEB-A3EB-2164BF219C3F}
	EndGlobalSection
EndGlobal
